
Microsoft Visual Studio Solution File, Format Version 12.00
# Visual Studio Version 16
VisualStudioVersion = 16.0.31205.134
MinimumVisualStudioVersion = 10.0.40219.1
Project("{FAE04EC0-301F-11D3-BF4B-00C04F79EFBC}") = "ProkudinZipArhivator", "ProkudinZipArhivator\ProkudinZipArhivator.csproj", "{DCDECC9F-4AA5-43EC-B6DF-1EBBBCF28E5B}"
EndProject
Global
	GlobalSection(SolutionConfigurationPlatforms) = preSolution
		Debug|Any CPU = Debug|Any CPU
		Release|Any CPU = Release|Any CPU
	EndGlobalSection
	GlobalSection(ProjectConfigurationPlatforms) = postSolution
		{DCDECC9F-4AA5-43EC-B6DF-1EBBBCF28E5B}.Debug|Any CPU.ActiveCfg = Debug|Any CPU
		{DCDECC9F-4AA5-43EC-B6DF-1EBBBCF28E5B}.Debug|Any CPU.Build.0 = Debug|Any CPU
		{DCDECC9F-4AA5-43EC-B6DF-1EBBBCF28E5B}.Release|Any CPU.ActiveCfg = Release|Any CPU
		{DCDECC9F-4AA5-43EC-B6DF-1EBBBCF28E5B}.Release|Any CPU.Build.0 = Release|Any CPU
	EndGlobalSection
	GlobalSection(SolutionProperties) = preSolution
		HideSolutionNode = FALSE
	EndGlobalSection
	GlobalSection(ExtensibilityGlobals) = postSolution
		SolutionGuid = {2A5984B1-8543-428D-B0E9-D3FD1F0B03E5}
	EndGlobalSection
EndGlobal
